
Microsoft Visual Studio Solution File, Format Version 12.00
# Visual Studio Version 17
VisualStudioVersion = 17.8.34525.116
MinimumVisualStudioVersion = 10.0.40219.1
Project("{FAE04EC0-301F-11D3-BF4B-00C04F79EFBC}") = "Week6StringsAndArrays", "Week6StringsAndArrays\Week6StringsAndArrays.csproj", "{E7A539D8-1FE0-4B8D-9424-37174FBB1842}"
EndProject
Project("{FAE04EC0-301F-11D3-BF4B-00C04F79EFBC}") = "Arrays", "Arrays\Arrays.csproj", "{BFBD039E-FD9A-47A3-89FE-9D7C5B5C0E36}"
EndProject
Project("{FAE04EC0-301F-11D3-BF4B-00C04F79EFBC}") = "NumberArray", "NumberArray\NumberArray.csproj", "{6982D86A-15FE-4CE0-83DA-47BB6F8DC8E8}"
EndProject
Project("{FAE04EC0-301F-11D3-BF4B-00C04F79EFBC}") = "RandomElement", "RandomElement\RandomElement.csproj", "{DD8C0E1E-C858-45DB-8C0D-347513C3C1A9}"
EndProject
Global
	GlobalSection(SolutionConfigurationPlatforms) = preSolution
		Debug|Any CPU = Debug|Any CPU
		Release|Any CPU = Release|Any CPU
	EndGlobalSection
	GlobalSection(ProjectConfigurationPlatforms) = postSolution
		{E7A539D8-1FE0-4B8D-9424-37174FBB1842}.Debug|Any CPU.ActiveCfg = Debug|Any CPU
		{E7A539D8-1FE0-4B8D-9424-37174FBB1842}.Debug|Any CPU.Build.0 = Debug|Any CPU
		{E7A539D8-1FE0-4B8D-9424-37174FBB1842}.Release|Any CPU.ActiveCfg = Release|Any CPU
		{E7A539D8-1FE0-4B8D-9424-37174FBB1842}.Release|Any CPU.Build.0 = Release|Any CPU
		{BFBD039E-FD9A-47A3-89FE-9D7C5B5C0E36}.Debug|Any CPU.ActiveCfg = Debug|Any CPU
		{BFBD039E-FD9A-47A3-89FE-9D7C5B5C0E36}.Debug|Any CPU.Build.0 = Debug|Any CPU
		{BFBD039E-FD9A-47A3-89FE-9D7C5B5C0E36}.Release|Any CPU.ActiveCfg = Release|Any CPU
		{BFBD039E-FD9A-47A3-89FE-9D7C5B5C0E36}.Release|Any CPU.Build.0 = Release|Any CPU
		{6982D86A-15FE-4CE0-83DA-47BB6F8DC8E8}.Debug|Any CPU.ActiveCfg = Debug|Any CPU
		{6982D86A-15FE-4CE0-83DA-47BB6F8DC8E8}.Debug|Any CPU.Build.0 = Debug|Any CPU
		{6982D86A-15FE-4CE0-83DA-47BB6F8DC8E8}.Release|Any CPU.ActiveCfg = Release|Any CPU
		{6982D86A-15FE-4CE0-83DA-47BB6F8DC8E8}.Release|Any CPU.Build.0 = Release|Any CPU
		{DD8C0E1E-C858-45DB-8C0D-347513C3C1A9}.Debug|Any CPU.ActiveCfg = Debug|Any CPU
		{DD8C0E1E-C858-45DB-8C0D-347513C3C1A9}.Debug|Any CPU.Build.0 = Debug|Any CPU
		{DD8C0E1E-C858-45DB-8C0D-347513C3C1A9}.Release|Any CPU.ActiveCfg = Release|Any CPU
		{DD8C0E1E-C858-45DB-8C0D-347513C3C1A9}.Release|Any CPU.Build.0 = Release|Any CPU
	EndGlobalSection
	GlobalSection(SolutionProperties) = preSolution
		HideSolutionNode = FALSE
	EndGlobalSection
	GlobalSection(ExtensibilityGlobals) = postSolution
		SolutionGuid = {78D9D0B3-8D66-4550-9B66-4D1A27080977}
	EndGlobalSection
EndGlobal
